
Microsoft Visual Studio Solution File, Format Version 12.00
# Visual Studio Version 17
VisualStudioVersion = 17.4.33213.308
MinimumVisualStudioVersion = 10.0.40219.1
Project("{FAE04EC0-301F-11D3-BF4B-00C04F79EFBC}") = "Task14Subtask1", "Task14Subtask1\Task14Subtask1.csproj", "{DB1FCD43-D6FB-445D-9FDE-6CEE4B8F468A}"
EndProject
Global
	GlobalSection(SolutionConfigurationPlatforms) = preSolution
		Debug|Any CPU = Debug|Any CPU
		Release|Any CPU = Release|Any CPU
	EndGlobalSection
	GlobalSection(ProjectConfigurationPlatforms) = postSolution
		{DB1FCD43-D6FB-445D-9FDE-6CEE4B8F468A}.Debug|Any CPU.ActiveCfg = Debug|Any CPU
		{DB1FCD43-D6FB-445D-9FDE-6CEE4B8F468A}.Debug|Any CPU.Build.0 = Debug|Any CPU
		{DB1FCD43-D6FB-445D-9FDE-6CEE4B8F468A}.Release|Any CPU.ActiveCfg = Release|Any CPU
		{DB1FCD43-D6FB-445D-9FDE-6CEE4B8F468A}.Release|Any CPU.Build.0 = Release|Any CPU
	EndGlobalSection
	GlobalSection(SolutionProperties) = preSolution
		HideSolutionNode = FALSE
	EndGlobalSection
	GlobalSection(ExtensibilityGlobals) = postSolution
		SolutionGuid = {221AE96E-B910-4D47-9E2B-338C34D89798}
	EndGlobalSection
EndGlobal
